
Microsoft Visual Studio Solution File, Format Version 12.00
# Visual Studio Version 17
VisualStudioVersion = 17.4.33213.308
MinimumVisualStudioVersion = 10.0.40219.1
Project("{FAE04EC0-301F-11D3-BF4B-00C04F79EFBC}") = "Week8EpicGame", "Week8EpicGame\Week8EpicGame.csproj", "{8C716A2C-136B-4CA8-A5BE-FD768CAB4CF3}"
EndProject
Global
	GlobalSection(SolutionConfigurationPlatforms) = preSolution
		Debug|Any CPU = Debug|Any CPU
		Release|Any CPU = Release|Any CPU
	EndGlobalSection
	GlobalSection(ProjectConfigurationPlatforms) = postSolution
		{8C716A2C-136B-4CA8-A5BE-FD768CAB4CF3}.Debug|Any CPU.ActiveCfg = Debug|Any CPU
		{8C716A2C-136B-4CA8-A5BE-FD768CAB4CF3}.Debug|Any CPU.Build.0 = Debug|Any CPU
		{8C716A2C-136B-4CA8-A5BE-FD768CAB4CF3}.Release|Any CPU.ActiveCfg = Release|Any CPU
		{8C716A2C-136B-4CA8-A5BE-FD768CAB4CF3}.Release|Any CPU.Build.0 = Release|Any CPU
	EndGlobalSection
	GlobalSection(SolutionProperties) = preSolution
		HideSolutionNode = FALSE
	EndGlobalSection
	GlobalSection(ExtensibilityGlobals) = postSolution
		SolutionGuid = {E93AA557-42D2-4CBC-850D-6B49B1DD3553}
	EndGlobalSection
EndGlobal
